
Microsoft Visual Studio Solution File, Format Version 12.00
# Visual Studio Version 17
VisualStudioVersion = 17.11.35222.181
MinimumVisualStudioVersion = 10.0.40219.1
Project("{FAE04EC0-301F-11D3-BF4B-00C04F79EFBC}") = "HomeWork5", "HomeWork5.csproj", "{BE3A9CE5-9D49-4250-987F-68FFF1B05200}"
EndProject
Global
	GlobalSection(SolutionConfigurationPlatforms) = preSolution
		Debug|Any CPU = Debug|Any CPU
		Release|Any CPU = Release|Any CPU
	EndGlobalSection
	GlobalSection(ProjectConfigurationPlatforms) = postSolution
		{BE3A9CE5-9D49-4250-987F-68FFF1B05200}.Debug|Any CPU.ActiveCfg = Debug|Any CPU
		{BE3A9CE5-9D49-4250-987F-68FFF1B05200}.Debug|Any CPU.Build.0 = Debug|Any CPU
		{BE3A9CE5-9D49-4250-987F-68FFF1B05200}.Release|Any CPU.ActiveCfg = Release|Any CPU
		{BE3A9CE5-9D49-4250-987F-68FFF1B05200}.Release|Any CPU.Build.0 = Release|Any CPU
	EndGlobalSection
	GlobalSection(SolutionProperties) = preSolution
		HideSolutionNode = FALSE
	EndGlobalSection
	GlobalSection(ExtensibilityGlobals) = postSolution
		SolutionGuid = {9B0949EB-4794-45FC-89DC-B6849352FF32}
	EndGlobalSection
EndGlobal
